
Microsoft Visual Studio Solution File, Format Version 12.00
# Visual Studio Version 17
VisualStudioVersion = 17.10.35122.118
MinimumVisualStudioVersion = 10.0.40219.1
Project("{FAE04EC0-301F-11D3-BF4B-00C04F79EFBC}") = "Movies", "Movies\Movies.csproj", "{2647C776-7E14-48D6-B02A-03D8CE29BC61}"
EndProject
Global
	GlobalSection(SolutionConfigurationPlatforms) = preSolution
		Debug|Any CPU = Debug|Any CPU
		Release|Any CPU = Release|Any CPU
	EndGlobalSection
	GlobalSection(ProjectConfigurationPlatforms) = postSolution
		{2647C776-7E14-48D6-B02A-03D8CE29BC61}.Debug|Any CPU.ActiveCfg = Debug|Any CPU
		{2647C776-7E14-48D6-B02A-03D8CE29BC61}.Debug|Any CPU.Build.0 = Debug|Any CPU
		{2647C776-7E14-48D6-B02A-03D8CE29BC61}.Release|Any CPU.ActiveCfg = Release|Any CPU
		{2647C776-7E14-48D6-B02A-03D8CE29BC61}.Release|Any CPU.Build.0 = Release|Any CPU
	EndGlobalSection
	GlobalSection(SolutionProperties) = preSolution
		HideSolutionNode = FALSE
	EndGlobalSection
	GlobalSection(ExtensibilityGlobals) = postSolution
		SolutionGuid = {ADE8E410-37E1-4F9F-9318-2154C71E289C}
	EndGlobalSection
EndGlobal
